
Microsoft Visual Studio Solution File, Format Version 12.00
# Visual Studio Version 16
VisualStudioVersion = 16.0.30002.166
MinimumVisualStudioVersion = 10.0.40219.1
Project("{FAE04EC0-301F-11D3-BF4B-00C04F79EFBC}") = "native_serial", "native_serial\native_serial.csproj", "{C090EFC1-92A0-4F4A-A76E-72A93AC42FAE}"
EndProject
Global
	GlobalSection(SolutionConfigurationPlatforms) = preSolution
		Debug|Any CPU = Debug|Any CPU
		Release|Any CPU = Release|Any CPU
	EndGlobalSection
	GlobalSection(ProjectConfigurationPlatforms) = postSolution
		{C090EFC1-92A0-4F4A-A76E-72A93AC42FAE}.Debug|Any CPU.ActiveCfg = Debug|Any CPU
		{C090EFC1-92A0-4F4A-A76E-72A93AC42FAE}.Debug|Any CPU.Build.0 = Debug|Any CPU
		{C090EFC1-92A0-4F4A-A76E-72A93AC42FAE}.Release|Any CPU.ActiveCfg = Release|Any CPU
		{C090EFC1-92A0-4F4A-A76E-72A93AC42FAE}.Release|Any CPU.Build.0 = Release|Any CPU
	EndGlobalSection
	GlobalSection(SolutionProperties) = preSolution
		HideSolutionNode = FALSE
	EndGlobalSection
	GlobalSection(ExtensibilityGlobals) = postSolution
		SolutionGuid = {BAE786B6-D6F3-49C8-829A-0F52BE840084}
	EndGlobalSection
EndGlobal
